// !$*UTF8*$!
{
	archiveVersion = 1;
	classes = {
	};
	objectVersion = 50;
	objects = {

/* Begin PBXBuildFile section */
		EC18A2E4216C3FF000339F04 /* SnapKit.framework in Frameworks */ = {isa = PBXBuildFile; fileRef = EC18A2E3216C3FF000339F04 /* SnapKit.framework */; };
		EC35015620D5702800A172B4 /* LaunchScreen.storyboard in Resources */ = {isa = PBXBuildFile; fileRef = EC35015420D5702800A172B4 /* LaunchScreen.storyboard */; };
		EC35015720D5702800A172B4 /* Assets.xcassets in Resources */ = {isa = PBXBuildFile; fileRef = EC35015520D5702800A172B4 /* Assets.xcassets */; };
		EC35016920D5704700A172B4 /* AppDelegate.swift in Sources */ = {isa = PBXBuildFile; fileRef = EC35016520D5704700A172B4 /* AppDelegate.swift */; };
		EC9A0200216BC542002ABC45 /* Localizable.strings in Resources */ = {isa = PBXBuildFile; fileRef = EC9A0202216BC542002ABC45 /* Localizable.strings */; };
		ECE9360C216C71D4006602B6 /* Strings.swift in Sources */ = {isa = PBXBuildFile; fileRef = ECE9360A216C71D4006602B6 /* Strings.swift */; };
		ECE9360D216C71D4006602B6 /* Assets.swift in Sources */ = {isa = PBXBuildFile; fileRef = ECE9360B216C71D4006602B6 /* Assets.swift */; };
/* End PBXBuildFile section */

/* Begin PBXContainerItemProxy section */
		EC35017420D572A500A172B4 /* PBXContainerItemProxy */ = {
			isa = PBXContainerItemProxy;
			containerPortal = EC35012020D56D6000A172B4 /* Project object */;
			proxyType = 1;
			remoteGlobalIDString = EC35014020D56F5C00A172B4;
			remoteInfo = "--Project Name--";
		};
		EC35018220D5740700A172B4 /* PBXContainerItemProxy */ = {
			isa = PBXContainerItemProxy;
			containerPortal = EC35012020D56D6000A172B4 /* Project object */;
			proxyType = 1;
			remoteGlobalIDString = EC35014020D56F5C00A172B4;
			remoteInfo = "--Project Name--";
		};
/* End PBXContainerItemProxy section */

/* Begin PBXFileReference section */
		EC18A2E3216C3FF000339F04 /* SnapKit.framework */ = {isa = PBXFileReference; lastKnownFileType = wrapper.framework; name = SnapKit.framework; path = Carthage/Build/iOS/SnapKit.framework; sourceTree = "<group>"; };
		EC35014120D56F5C00A172B4 /* --Project Name-- Debug.app */ = {isa = PBXFileReference; explicitFileType = wrapper.application; includeInIndex = 0; path = "--Project Name-- Debug.app"; sourceTree = BUILT_PRODUCTS_DIR; };
		EC35015420D5702800A172B4 /* LaunchScreen.storyboard */ = {isa = PBXFileReference; fileEncoding = 4; lastKnownFileType = file.storyboard; path = LaunchScreen.storyboard; sourceTree = "<group>"; };
		EC35015520D5702800A172B4 /* Assets.xcassets */ = {isa = PBXFileReference; lastKnownFileType = folder.assetcatalog; path = Assets.xcassets; sourceTree = "<group>"; };
		EC35015920D5703000A172B4 /* Main-UITest-Info.plist */ = {isa = PBXFileReference; fileEncoding = 4; lastKnownFileType = text.plist.xml; path = "Main-UITest-Info.plist"; sourceTree = "<group>"; };
		EC35015A20D5703000A172B4 /* Main-Info-Release.plist */ = {isa = PBXFileReference; fileEncoding = 4; lastKnownFileType = text.plist.xml; path = "Main-Info-Release.plist"; sourceTree = "<group>"; };
		EC35015B20D5703000A172B4 /* Main-Info-Debug.plist */ = {isa = PBXFileReference; fileEncoding = 4; lastKnownFileType = text.plist.xml; path = "Main-Info-Debug.plist"; sourceTree = "<group>"; };
		EC35015C20D5703000A172B4 /* Main-Test-Info.plist */ = {isa = PBXFileReference; fileEncoding = 4; lastKnownFileType = text.plist.xml; path = "Main-Test-Info.plist"; sourceTree = "<group>"; };
		EC35016520D5704700A172B4 /* AppDelegate.swift */ = {isa = PBXFileReference; fileEncoding = 4; lastKnownFileType = sourcecode.swift; path = AppDelegate.swift; sourceTree = "<group>"; };
		EC35016F20D572A400A172B4 /* --Project Name--Tests.xctest */ = {isa = PBXFileReference; explicitFileType = wrapper.cfbundle; includeInIndex = 0; path = "--Project Name--Tests.xctest"; sourceTree = BUILT_PRODUCTS_DIR; };
		EC35017D20D5740600A172B4 /* --Project Name--UITests.xctest */ = {isa = PBXFileReference; explicitFileType = wrapper.cfbundle; includeInIndex = 0; path = "--Project Name--UITests.xctest"; sourceTree = BUILT_PRODUCTS_DIR; };
		EC9A0201216BC542002ABC45 /* en */ = {isa = PBXFileReference; lastKnownFileType = text.plist.strings; name = en; path = en.lproj/Localizable.strings; sourceTree = "<group>"; };
		ECE9360A216C71D4006602B6 /* Strings.swift */ = {isa = PBXFileReference; fileEncoding = 4; lastKnownFileType = sourcecode.swift; path = Strings.swift; sourceTree = "<group>"; };
		ECE9360B216C71D4006602B6 /* Assets.swift */ = {isa = PBXFileReference; fileEncoding = 4; lastKnownFileType = sourcecode.swift; path = Assets.swift; sourceTree = "<group>"; };
/* End PBXFileReference section */

/* Begin PBXFrameworksBuildPhase section */
		EC35013E20D56F5C00A172B4 /* Frameworks */ = {
			isa = PBXFrameworksBuildPhase;
			buildActionMask = 2147483647;
			files = (
				EC18A2E4216C3FF000339F04 /* SnapKit.framework in Frameworks */,
			);
			runOnlyForDeploymentPostprocessing = 0;
		};
		EC35016C20D572A400A172B4 /* Frameworks */ = {
			isa = PBXFrameworksBuildPhase;
			buildActionMask = 2147483647;
			files = (
			);
			runOnlyForDeploymentPostprocessing = 0;
		};
		EC35017A20D5740600A172B4 /* Frameworks */ = {
			isa = PBXFrameworksBuildPhase;
			buildActionMask = 2147483647;
			files = (
			);
			runOnlyForDeploymentPostprocessing = 0;
		};
/* End PBXFrameworksBuildPhase section */

/* Begin PBXGroup section */
		EC18A2E2216C3FF000339F04 /* Frameworks */ = {
			isa = PBXGroup;
			children = (
				EC18A2E3216C3FF000339F04 /* SnapKit.framework */,
			);
			name = Frameworks;
			sourceTree = "<group>";
		};
		EC35011F20D56D6000A172B4 = {
			isa = PBXGroup;
			children = (
				EC35016120D5704700A172B4 /* Sources */,
				EC35015320D5702800A172B4 /* Assets */,
				EC35015820D5703000A172B4 /* Info */,
				EC35012920D56D6000A172B4 /* Products */,
				EC18A2E2216C3FF000339F04 /* Frameworks */,
			);
			sourceTree = "<group>";
		};
		EC35012920D56D6000A172B4 /* Products */ = {
			isa = PBXGroup;
			children = (
				EC35014120D56F5C00A172B4 /* --Project Name-- Debug.app */,
				EC35016F20D572A400A172B4 /* --Project Name--Tests.xctest */,
				EC35017D20D5740600A172B4 /* --Project Name--UITests.xctest */,
			);
			name = Products;
			sourceTree = "<group>";
		};
		EC35015320D5702800A172B4 /* Assets */ = {
			isa = PBXGroup;
			children = (
				EC35015420D5702800A172B4 /* LaunchScreen.storyboard */,
				EC35015520D5702800A172B4 /* Assets.xcassets */,
				EC9A0202216BC542002ABC45 /* Localizable.strings */,
			);
			path = Assets;
			sourceTree = "<group>";
		};
		EC35015820D5703000A172B4 /* Info */ = {
			isa = PBXGroup;
			children = (
				EC35015A20D5703000A172B4 /* Main-Info-Release.plist */,
				EC35015B20D5703000A172B4 /* Main-Info-Debug.plist */,
				EC35015C20D5703000A172B4 /* Main-Test-Info.plist */,
				EC35015920D5703000A172B4 /* Main-UITest-Info.plist */,
			);
			path = Info;
			sourceTree = "<group>";
		};
		EC35016120D5704700A172B4 /* Sources */ = {
			isa = PBXGroup;
			children = (
				EC35016420D5704700A172B4 /* Main */,
				EC35016620D5704700A172B4 /* MainTests */,
				EC35016220D5704700A172B4 /* MainUITests */,
			);
			path = Sources;
			sourceTree = "<group>";
		};
		EC35016220D5704700A172B4 /* MainUITests */ = {
			isa = PBXGroup;
			children = (
			);
			path = MainUITests;
			sourceTree = "<group>";
		};
		EC35016420D5704700A172B4 /* Main */ = {
			isa = PBXGroup;
			children = (
				EC35016520D5704700A172B4 /* AppDelegate.swift */,
				ECE93609216C71D4006602B6 /* SwiftGen */,
			);
			path = Main;
			sourceTree = "<group>";
		};
		EC35016620D5704700A172B4 /* MainTests */ = {
			isa = PBXGroup;
			children = (
			);
			path = MainTests;
			sourceTree = "<group>";
		};
		ECE93609216C71D4006602B6 /* SwiftGen */ = {
			isa = PBXGroup;
			children = (
				ECE9360A216C71D4006602B6 /* Strings.swift */,
				ECE9360B216C71D4006602B6 /* Assets.swift */,
			);
			path = SwiftGen;
			sourceTree = "<group>";
		};
/* End PBXGroup section */

/* Begin PBXNativeTarget section */
		EC35014020D56F5C00A172B4 /* --Project Name-- */ = {
			isa = PBXNativeTarget;
			buildConfigurationList = EC35015220D56F5D00A172B4 /* Build configuration list for PBXNativeTarget "--Project Name--" */;
			buildPhases = (
				EC9A01F1216BBC82002ABC45 /* Generate Localizable.strings (BartyCrouch) */,
				ECE93604216C6B86006602B6 /* Generate code (SwiftGen) */,
				EC35013D20D56F5C00A172B4 /* Sources */,
				EC35013E20D56F5C00A172B4 /* Frameworks */,
				EC35013F20D56F5C00A172B4 /* Resources */,
				EC9A01EF216BB93E002ABC45 /* Carthage Run Script (copy-frameworks) */,
				EC9A01F0216BBA16002ABC45 /* Carthage Run Script (outdated) */,
			);
			buildRules = (
			);
			dependencies = (
			);
			name = "--Project Name--";
			productName = "--Project Name--";
			productReference = EC35014120D56F5C00A172B4 /* --Project Name-- Debug.app */;
			productType = "com.apple.product-type.application";
		};
		EC35016E20D572A400A172B4 /* --Project Name--Tests */ = {
			isa = PBXNativeTarget;
			buildConfigurationList = EC35017620D572A500A172B4 /* Build configuration list for PBXNativeTarget "--Project Name--Tests" */;
			buildPhases = (
				EC35016B20D572A400A172B4 /* Sources */,
				EC35016C20D572A400A172B4 /* Frameworks */,
				EC35016D20D572A400A172B4 /* Resources */,
			);
			buildRules = (
			);
			dependencies = (
				EC35017520D572A500A172B4 /* PBXTargetDependency */,
			);
			name = "--Project Name--Tests";
			productName = "--Project Name--Tests";
			productReference = EC35016F20D572A400A172B4 /* --Project Name--Tests.xctest */;
			productType = "com.apple.product-type.bundle.unit-test";
		};
		EC35017C20D5740600A172B4 /* --Project Name--UITests */ = {
			isa = PBXNativeTarget;
			buildConfigurationList = EC35018420D5740700A172B4 /* Build configuration list for PBXNativeTarget "--Project Name--UITests" */;
			buildPhases = (
				EC35017920D5740600A172B4 /* Sources */,
				EC35017A20D5740600A172B4 /* Frameworks */,
				EC35017B20D5740600A172B4 /* Resources */,
			);
			buildRules = (
			);
			dependencies = (
				EC35018320D5740700A172B4 /* PBXTargetDependency */,
			);
			name = "--Project Name--UITests";
			productName = "--Project Name--UITests";
			productReference = EC35017D20D5740600A172B4 /* --Project Name--UITests.xctest */;
			productType = "com.apple.product-type.bundle.ui-testing";
		};
/* End PBXNativeTarget section */

/* Begin PBXProject section */
		EC35012020D56D6000A172B4 /* Project object */ = {
			isa = PBXProject;
			attributes = {
				LastSwiftUpdateCheck = 1000;
				LastUpgradeCheck = 1000;
				ORGANIZATIONNAME = "--Organization Name--";
				TargetAttributes = {
					EC35014020D56F5C00A172B4 = {
						CreatedOnToolsVersion = 10.0;
					};
					EC35016E20D572A400A172B4 = {
						CreatedOnToolsVersion = 10.0;
						TestTargetID = EC35014020D56F5C00A172B4;
					};
					EC35017C20D5740600A172B4 = {
						CreatedOnToolsVersion = 10.0;
						TestTargetID = EC35014020D56F5C00A172B4;
					};
				};
			};
			buildConfigurationList = EC35012320D56D6000A172B4 /* Build configuration list for PBXProject "--Project Name--" */;
			compatibilityVersion = "Xcode 9.3";
			developmentRegion = en;
			hasScannedForEncodings = 0;
			knownRegions = (
				en,
				Base,
			);
			mainGroup = EC35011F20D56D6000A172B4;
			productRefGroup = EC35012920D56D6000A172B4 /* Products */;
			projectDirPath = "";
			projectRoot = "";
			targets = (
				EC35014020D56F5C00A172B4 /* --Project Name-- */,
				EC35016E20D572A400A172B4 /* --Project Name--Tests */,
				EC35017C20D5740600A172B4 /* --Project Name--UITests */,
			);
		};
/* End PBXProject section */

/* Begin PBXResourcesBuildPhase section */
		EC35013F20D56F5C00A172B4 /* Resources */ = {
			isa = PBXResourcesBuildPhase;
			buildActionMask = 2147483647;
			files = (
				EC35015720D5702800A172B4 /* Assets.xcassets in Resources */,
				EC9A0200216BC542002ABC45 /* Localizable.strings in Resources */,
				EC35015620D5702800A172B4 /* LaunchScreen.storyboard in Resources */,
			);
			runOnlyForDeploymentPostprocessing = 0;
		};
		EC35016D20D572A400A172B4 /* Resources */ = {
			isa = PBXResourcesBuildPhase;
			buildActionMask = 2147483647;
			files = (
			);
			runOnlyForDeploymentPostprocessing = 0;
		};
		EC35017B20D5740600A172B4 /* Resources */ = {
			isa = PBXResourcesBuildPhase;
			buildActionMask = 2147483647;
			files = (
			);
			runOnlyForDeploymentPostprocessing = 0;
		};
/* End PBXResourcesBuildPhase section */

/* Begin PBXShellScriptBuildPhase section */
		EC9A01EF216BB93E002ABC45 /* Carthage Run Script (copy-frameworks) */ = {
			isa = PBXShellScriptBuildPhase;
			buildActionMask = 2147483647;
			files = (
			);
			inputFileListPaths = (
			);
			inputPaths = (
				"$(SRCROOT)/Carthage/Build/iOS/SnapKit.framework",
			);
			name = "Carthage Run Script (copy-frameworks)";
			outputFileListPaths = (
			);
			outputPaths = (
				"$(BUILT_PRODUCTS_DIR)/$(FRAMEWORKS_FOLDER_PATH)/SnapKit.framework",
			);
			runOnlyForDeploymentPostprocessing = 0;
			shellPath = /bin/sh;
			shellScript = "summon/bin carthage copy-frameworks\n";
		};
		EC9A01F0216BBA16002ABC45 /* Carthage Run Script (outdated) */ = {
			isa = PBXShellScriptBuildPhase;
			buildActionMask = 2147483647;
			files = (
			);
			inputFileListPaths = (
			);
			inputPaths = (
			);
			name = "Carthage Run Script (outdated)";
			outputFileListPaths = (
			);
			outputPaths = (
			);
			runOnlyForDeploymentPostprocessing = 0;
			shellPath = /bin/sh;
			shellScript = "summon/bin carthage outdated --xcode-warnings\n";
		};
		EC9A01F1216BBC82002ABC45 /* Generate Localizable.strings (BartyCrouch) */ = {
			isa = PBXShellScriptBuildPhase;
			buildActionMask = 2147483647;
			files = (
			);
			inputFileListPaths = (
			);
			inputPaths = (
			);
			name = "Generate Localizable.strings (BartyCrouch)";
			outputFileListPaths = (
			);
			outputPaths = (
			);
			runOnlyForDeploymentPostprocessing = 0;
			shellPath = /bin/sh;
			shellScript = "summon/bin bartycrouch code -p \"Sources\" -l \"Assets\" -a\n";
		};
		ECE93604216C6B86006602B6 /* Generate code (SwiftGen) */ = {
			isa = PBXShellScriptBuildPhase;
			buildActionMask = 2147483647;
			files = (
			);
			inputFileListPaths = (
			);
			inputPaths = (
			);
			name = "Generate code (SwiftGen)";
			outputFileListPaths = (
			);
			outputPaths = (
			);
			runOnlyForDeploymentPostprocessing = 0;
			shellPath = /bin/sh;
			shellScript = "SWIFTGEN_PATH=\"Sources/Main/SwiftGen\"\n\nmkdir -p \"$SWIFTGEN_PATH\"\ntouch \"$SWIFTGEN_PATH/Strings.swift\"\ntouch \"$SWIFTGEN_PATH/Assets.swift\"\n\nsummon/bin swiftgen strings -t \"structured-swift4\" -o \"$SWIFTGEN_PATH/Strings.swift\" \"Assets/en.lproj/Localizable.strings\"\nsummon/bin swiftgen xcassets -t \"swift4\" -o \"$SWIFTGEN_PATH/Assets.swift\" \"Assets/Assets.xcassets\"\n";
		};
/* End PBXShellScriptBuildPhase section */

/* Begin PBXSourcesBuildPhase section */
		EC35013D20D56F5C00A172B4 /* Sources */ = {
			isa = PBXSourcesBuildPhase;
			buildActionMask = 2147483647;
			files = (
				ECE9360C216C71D4006602B6 /* Strings.swift in Sources */,
				EC35016920D5704700A172B4 /* AppDelegate.swift in Sources */,
				ECE9360D216C71D4006602B6 /* Assets.swift in Sources */,
			);
			runOnlyForDeploymentPostprocessing = 0;
		};
		EC35016B20D572A400A172B4 /* Sources */ = {
			isa = PBXSourcesBuildPhase;
			buildActionMask = 2147483647;
			files = (
			);
			runOnlyForDeploymentPostprocessing = 0;
		};
		EC35017920D5740600A172B4 /* Sources */ = {
			isa = PBXSourcesBuildPhase;
			buildActionMask = 2147483647;
			files = (
			);
			runOnlyForDeploymentPostprocessing = 0;
		};
/* End PBXSourcesBuildPhase section */

/* Begin PBXTargetDependency section */
		EC35017520D572A500A172B4 /* PBXTargetDependency */ = {
			isa = PBXTargetDependency;
			target = EC35014020D56F5C00A172B4 /* --Project Name-- */;
			targetProxy = EC35017420D572A500A172B4 /* PBXContainerItemProxy */;
		};
		EC35018320D5740700A172B4 /* PBXTargetDependency */ = {
			isa = PBXTargetDependency;
			target = EC35014020D56F5C00A172B4 /* --Project Name-- */;
			targetProxy = EC35018220D5740700A172B4 /* PBXContainerItemProxy */;
		};
/* End PBXTargetDependency section */

/* Begin PBXVariantGroup section */
		EC9A0202216BC542002ABC45 /* Localizable.strings */ = {
			isa = PBXVariantGroup;
			children = (
				EC9A0201216BC542002ABC45 /* en */,
			);
			name = Localizable.strings;
			sourceTree = "<group>";
		};
/* End PBXVariantGroup section */

/* Begin XCBuildConfiguration section */
		EC35013820D56D6100A172B4 /* Debug */ = {
			isa = XCBuildConfiguration;
			buildSettings = {
				ALWAYS_SEARCH_USER_PATHS = NO;
				CLANG_ANALYZER_NONNULL = YES;
				CLANG_ANALYZER_NUMBER_OBJECT_CONVERSION = YES_AGGRESSIVE;
				CLANG_CXX_LANGUAGE_STANDARD = "gnu++14";
				CLANG_CXX_LIBRARY = "libc++";
				CLANG_ENABLE_MODULES = YES;
				CLANG_ENABLE_OBJC_ARC = YES;
				CLANG_ENABLE_OBJC_WEAK = YES;
				CLANG_WARN_BLOCK_CAPTURE_AUTORELEASING = YES;
				CLANG_WARN_BOOL_CONVERSION = YES;
				CLANG_WARN_COMMA = YES;
				CLANG_WARN_CONSTANT_CONVERSION = YES;
				CLANG_WARN_DEPRECATED_OBJC_IMPLEMENTATIONS = YES;
				CLANG_WARN_DIRECT_OBJC_ISA_USAGE = YES_ERROR;
				CLANG_WARN_DOCUMENTATION_COMMENTS = YES;
				CLANG_WARN_EMPTY_BODY = YES;
				CLANG_WARN_ENUM_CONVERSION = YES;
				CLANG_WARN_INFINITE_RECURSION = YES;
				CLANG_WARN_INT_CONVERSION = YES;
				CLANG_WARN_NON_LITERAL_NULL_CONVERSION = YES;
				CLANG_WARN_OBJC_IMPLICIT_RETAIN_SELF = YES;
				CLANG_WARN_OBJC_LITERAL_CONVERSION = YES;
				CLANG_WARN_OBJC_ROOT_CLASS = YES_ERROR;
				CLANG_WARN_RANGE_LOOP_ANALYSIS = YES;
				CLANG_WARN_STRICT_PROTOTYPES = YES;
				CLANG_WARN_SUSPICIOUS_MOVE = YES;
				CLANG_WARN_UNGUARDED_AVAILABILITY = YES_AGGRESSIVE;
				CLANG_WARN_UNREACHABLE_CODE = YES;
				CLANG_WARN__DUPLICATE_METHOD_MATCH = YES;
				CODE_SIGN_STYLE = Manual;
				COPY_PHASE_STRIP = NO;
				DEBUG_INFORMATION_FORMAT = dwarf;
				ENABLE_STRICT_OBJC_MSGSEND = YES;
				ENABLE_TESTABILITY = YES;
				GCC_C_LANGUAGE_STANDARD = gnu11;
				GCC_DYNAMIC_NO_PIC = NO;
				GCC_NO_COMMON_BLOCKS = YES;
				GCC_OPTIMIZATION_LEVEL = 0;
				GCC_PREPROCESSOR_DEFINITIONS = (
					"DEBUG=1",
					"$(inherited)",
				);
				GCC_WARN_64_TO_32_BIT_CONVERSION = YES;
				GCC_WARN_ABOUT_RETURN_TYPE = YES_ERROR;
				GCC_WARN_UNDECLARED_SELECTOR = YES;
				GCC_WARN_UNINITIALIZED_AUTOS = YES_AGGRESSIVE;
				GCC_WARN_UNUSED_FUNCTION = YES;
				GCC_WARN_UNUSED_VARIABLE = YES;
				MTL_ENABLE_DEBUG_INFO = INCLUDE_SOURCE;
				MTL_FAST_MATH = YES;
				ONLY_ACTIVE_ARCH = YES;
				SDKROOT = iphoneos;
				SWIFT_ACTIVE_COMPILATION_CONDITIONS = DEBUG;
				SWIFT_OPTIMIZATION_LEVEL = "-Onone";
				TARGETED_DEVICE_FAMILY = "1,2";
			};
			name = Debug;
		};
		EC35013920D56D6100A172B4 /* AdHoc */ = {
			isa = XCBuildConfiguration;
			buildSettings = {
				ALWAYS_SEARCH_USER_PATHS = NO;
				CLANG_ANALYZER_NONNULL = YES;
				CLANG_ANALYZER_NUMBER_OBJECT_CONVERSION = YES_AGGRESSIVE;
				CLANG_CXX_LANGUAGE_STANDARD = "gnu++14";
				CLANG_CXX_LIBRARY = "libc++";
				CLANG_ENABLE_MODULES = YES;
				CLANG_ENABLE_OBJC_ARC = YES;
				CLANG_ENABLE_OBJC_WEAK = YES;
				CLANG_WARN_BLOCK_CAPTURE_AUTORELEASING = YES;
				CLANG_WARN_BOOL_CONVERSION = YES;
				CLANG_WARN_COMMA = YES;
				CLANG_WARN_CONSTANT_CONVERSION = YES;
				CLANG_WARN_DEPRECATED_OBJC_IMPLEMENTATIONS = YES;
				CLANG_WARN_DIRECT_OBJC_ISA_USAGE = YES_ERROR;
				CLANG_WARN_DOCUMENTATION_COMMENTS = YES;
				CLANG_WARN_EMPTY_BODY = YES;
				CLANG_WARN_ENUM_CONVERSION = YES;
				CLANG_WARN_INFINITE_RECURSION = YES;
				CLANG_WARN_INT_CONVERSION = YES;
				CLANG_WARN_NON_LITERAL_NULL_CONVERSION = YES;
				CLANG_WARN_OBJC_IMPLICIT_RETAIN_SELF = YES;
				CLANG_WARN_OBJC_LITERAL_CONVERSION = YES;
				CLANG_WARN_OBJC_ROOT_CLASS = YES_ERROR;
				CLANG_WARN_RANGE_LOOP_ANALYSIS = YES;
				CLANG_WARN_STRICT_PROTOTYPES = YES;
				CLANG_WARN_SUSPICIOUS_MOVE = YES;
				CLANG_WARN_UNGUARDED_AVAILABILITY = YES_AGGRESSIVE;
				CLANG_WARN_UNREACHABLE_CODE = YES;
				CLANG_WARN__DUPLICATE_METHOD_MATCH = YES;
				CODE_SIGN_STYLE = Manual;
				COPY_PHASE_STRIP = NO;
				DEBUG_INFORMATION_FORMAT = "dwarf-with-dsym";
				ENABLE_NS_ASSERTIONS = NO;
				ENABLE_STRICT_OBJC_MSGSEND = YES;
				GCC_C_LANGUAGE_STANDARD = gnu11;
				GCC_NO_COMMON_BLOCKS = YES;
				GCC_WARN_64_TO_32_BIT_CONVERSION = YES;
				GCC_WARN_ABOUT_RETURN_TYPE = YES_ERROR;
				GCC_WARN_UNDECLARED_SELECTOR = YES;
				GCC_WARN_UNINITIALIZED_AUTOS = YES_AGGRESSIVE;
				GCC_WARN_UNUSED_FUNCTION = YES;
				GCC_WARN_UNUSED_VARIABLE = YES;
				MTL_ENABLE_DEBUG_INFO = NO;
				MTL_FAST_MATH = YES;
				SDKROOT = iphoneos;
				SWIFT_COMPILATION_MODE = wholemodule;
				SWIFT_OPTIMIZATION_LEVEL = "-O";
				TARGETED_DEVICE_FAMILY = "1,2";
				VALIDATE_PRODUCT = YES;
			};
			name = AdHoc;
		};
		EC35015020D56F5D00A172B4 /* Debug */ = {
			isa = XCBuildConfiguration;
			buildSettings = {
				ASSETCATALOG_COMPILER_APPICON_NAME = "AppIcon-Debug";
				FRAMEWORK_SEARCH_PATHS = (
					"$(inherited)",
					"$(PROJECT_DIR)/Carthage/Build/iOS",
				);
				INFOPLIST_FILE = "Info/Main-Info-Debug.plist";
				LD_RUNPATH_SEARCH_PATHS = (
					"$(inherited)",
					"@executable_path/Frameworks",
				);
				PRODUCT_BUNDLE_IDENTIFIER = "--BundleID---Debug";
				PRODUCT_NAME = "$(TARGET_NAME) Debug";
				SWIFT_VERSION = 4.2;
			};
			name = Debug;
		};
		EC35015120D56F5D00A172B4 /* AdHoc */ = {
			isa = XCBuildConfiguration;
			buildSettings = {
				ASSETCATALOG_COMPILER_APPICON_NAME = "AppIcon-AdHoc";
				FRAMEWORK_SEARCH_PATHS = (
					"$(inherited)",
					"$(PROJECT_DIR)/Carthage/Build/iOS",
				);
				INFOPLIST_FILE = "Info/Main-Info-Release.plist";
				LD_RUNPATH_SEARCH_PATHS = (
					"$(inherited)",
					"@executable_path/Frameworks",
				);
				PRODUCT_BUNDLE_IDENTIFIER = "--BundleID---AdHoc";
				PRODUCT_NAME = "$(TARGET_NAME) AdHoc";
				SWIFT_VERSION = 4.2;
			};
			name = AdHoc;
		};
		EC35017720D572A500A172B4 /* Debug */ = {
			isa = XCBuildConfiguration;
			buildSettings = {
				BUNDLE_LOADER = "$(TEST_HOST)";
				INFOPLIST_FILE = "Info/Main-Test-Info.plist";
				LD_RUNPATH_SEARCH_PATHS = (
					"$(inherited)",
					"@executable_path/Frameworks",
					"@loader_path/Frameworks",
				);
				PRODUCT_BUNDLE_IDENTIFIER = "--BundleID--Tests";
				PRODUCT_NAME = "$(TARGET_NAME)";
				SWIFT_VERSION = 4.2;
				TEST_HOST = "$(BUILT_PRODUCTS_DIR)/--Project Name-- Debug.app/--Project Name-- Debug";
			};
			name = Debug;
		};
		EC35017820D572A500A172B4 /* AdHoc */ = {
			isa = XCBuildConfiguration;
			buildSettings = {
				BUNDLE_LOADER = "$(TEST_HOST)";
				INFOPLIST_FILE = "Info/Main-Test-Info.plist";
				LD_RUNPATH_SEARCH_PATHS = (
					"$(inherited)",
					"@executable_path/Frameworks",
					"@loader_path/Frameworks",
				);
				PRODUCT_BUNDLE_IDENTIFIER = "--BundleID--Tests";
				PRODUCT_NAME = "$(TARGET_NAME)";
				SWIFT_VERSION = 4.2;
				TEST_HOST = "$(BUILT_PRODUCTS_DIR)/--Project Name-- Debug.app/--Project Name-- Debug";
			};
			name = AdHoc;
		};
		EC35018520D5740700A172B4 /* Debug */ = {
			isa = XCBuildConfiguration;
			buildSettings = {
				INFOPLIST_FILE = "Info/Main-UITest-Info.plist";
				LD_RUNPATH_SEARCH_PATHS = (
					"$(inherited)",
					"@executable_path/Frameworks",
					"@loader_path/Frameworks",
				);
				PRODUCT_BUNDLE_IDENTIFIER = "--BundleID--UITests";
				PRODUCT_NAME = "$(TARGET_NAME)";
				SWIFT_VERSION = 4.2;
				TEST_TARGET_NAME = "--Project Name--";
			};
			name = Debug;
		};
		EC35018620D5740700A172B4 /* AdHoc */ = {
			isa = XCBuildConfiguration;
			buildSettings = {
				INFOPLIST_FILE = "Info/Main-UITest-Info.plist";
				LD_RUNPATH_SEARCH_PATHS = (
					"$(inherited)",
					"@executable_path/Frameworks",
					"@loader_path/Frameworks",
				);
				PRODUCT_BUNDLE_IDENTIFIER = "--BundleID--UITests";
				PRODUCT_NAME = "$(TARGET_NAME)";
				SWIFT_VERSION = 4.2;
				TEST_TARGET_NAME = "--Project Name--";
			};
			name = AdHoc;
		};
		EC39DDAF216BADB100E3908D /* Release */ = {
			isa = XCBuildConfiguration;
			buildSettings = {
				ALWAYS_SEARCH_USER_PATHS = NO;
				CLANG_ANALYZER_NONNULL = YES;
				CLANG_ANALYZER_NUMBER_OBJECT_CONVERSION = YES_AGGRESSIVE;
				CLANG_CXX_LANGUAGE_STANDARD = "gnu++14";
				CLANG_CXX_LIBRARY = "libc++";
				CLANG_ENABLE_MODULES = YES;
				CLANG_ENABLE_OBJC_ARC = YES;
				CLANG_ENABLE_OBJC_WEAK = YES;
				CLANG_WARN_BLOCK_CAPTURE_AUTORELEASING = YES;
				CLANG_WARN_BOOL_CONVERSION = YES;
				CLANG_WARN_COMMA = YES;
				CLANG_WARN_CONSTANT_CONVERSION = YES;
				CLANG_WARN_DEPRECATED_OBJC_IMPLEMENTATIONS = YES;
				CLANG_WARN_DIRECT_OBJC_ISA_USAGE = YES_ERROR;
				CLANG_WARN_DOCUMENTATION_COMMENTS = YES;
				CLANG_WARN_EMPTY_BODY = YES;
				CLANG_WARN_ENUM_CONVERSION = YES;
				CLANG_WARN_INFINITE_RECURSION = YES;
				CLANG_WARN_INT_CONVERSION = YES;
				CLANG_WARN_NON_LITERAL_NULL_CONVERSION = YES;
				CLANG_WARN_OBJC_IMPLICIT_RETAIN_SELF = YES;
				CLANG_WARN_OBJC_LITERAL_CONVERSION = YES;
				CLANG_WARN_OBJC_ROOT_CLASS = YES_ERROR;
				CLANG_WARN_RANGE_LOOP_ANALYSIS = YES;
				CLANG_WARN_STRICT_PROTOTYPES = YES;
				CLANG_WARN_SUSPICIOUS_MOVE = YES;
				CLANG_WARN_UNGUARDED_AVAILABILITY = YES_AGGRESSIVE;
				CLANG_WARN_UNREACHABLE_CODE = YES;
				CLANG_WARN__DUPLICATE_METHOD_MATCH = YES;
				CODE_SIGN_STYLE = Manual;
				COPY_PHASE_STRIP = NO;
				DEBUG_INFORMATION_FORMAT = "dwarf-with-dsym";
				ENABLE_NS_ASSERTIONS = NO;
				ENABLE_STRICT_OBJC_MSGSEND = YES;
				GCC_C_LANGUAGE_STANDARD = gnu11;
				GCC_NO_COMMON_BLOCKS = YES;
				GCC_WARN_64_TO_32_BIT_CONVERSION = YES;
				GCC_WARN_ABOUT_RETURN_TYPE = YES_ERROR;
				GCC_WARN_UNDECLARED_SELECTOR = YES;
				GCC_WARN_UNINITIALIZED_AUTOS = YES_AGGRESSIVE;
				GCC_WARN_UNUSED_FUNCTION = YES;
				GCC_WARN_UNUSED_VARIABLE = YES;
				MTL_ENABLE_DEBUG_INFO = NO;
				MTL_FAST_MATH = YES;
				SDKROOT = iphoneos;
				SWIFT_COMPILATION_MODE = wholemodule;
				SWIFT_OPTIMIZATION_LEVEL = "-O";
				TARGETED_DEVICE_FAMILY = "1,2";
				VALIDATE_PRODUCT = YES;
			};
			name = Release;
		};
		EC39DDB0216BADB100E3908D /* Release */ = {
			isa = XCBuildConfiguration;
			buildSettings = {
				ASSETCATALOG_COMPILER_APPICON_NAME = AppIcon;
				FRAMEWORK_SEARCH_PATHS = (
					"$(inherited)",
					"$(PROJECT_DIR)/Carthage/Build/iOS",
				);
				INFOPLIST_FILE = "Info/Main-Info-Release.plist";
				LD_RUNPATH_SEARCH_PATHS = (
					"$(inherited)",
					"@executable_path/Frameworks",
				);
				PRODUCT_BUNDLE_IDENTIFIER = "--BundleID--";
				PRODUCT_NAME = "$(TARGET_NAME)";
				SWIFT_VERSION = 4.2;
			};
			name = Release;
		};
		EC39DDB1216BADB100E3908D /* Release */ = {
			isa = XCBuildConfiguration;
			buildSettings = {
				BUNDLE_LOADER = "$(TEST_HOST)";
				INFOPLIST_FILE = "Info/Main-Test-Info.plist";
				LD_RUNPATH_SEARCH_PATHS = (
					"$(inherited)",
					"@executable_path/Frameworks",
					"@loader_path/Frameworks",
				);
				PRODUCT_BUNDLE_IDENTIFIER = "--BundleID--Tests";
				PRODUCT_NAME = "$(TARGET_NAME)";
				SWIFT_VERSION = 4.2;
				TEST_HOST = "$(BUILT_PRODUCTS_DIR)/--Project Name-- Debug.app/--Project Name-- Debug";
			};
			name = Release;
		};
		EC39DDB2216BADB100E3908D /* Release */ = {
			isa = XCBuildConfiguration;
			buildSettings = {
				INFOPLIST_FILE = "Info/Main-UITest-Info.plist";
				LD_RUNPATH_SEARCH_PATHS = (
					"$(inherited)",
					"@executable_path/Frameworks",
					"@loader_path/Frameworks",
				);
				PRODUCT_BUNDLE_IDENTIFIER = "--BundleID--UITests";
				PRODUCT_NAME = "$(TARGET_NAME)";
				SWIFT_VERSION = 4.2;
				TEST_TARGET_NAME = "--Project Name--";
			};
			name = Release;
		};
/* End XCBuildConfiguration section */

/* Begin XCConfigurationList section */
		EC35012320D56D6000A172B4 /* Build configuration list for PBXProject "--Project Name--" */ = {
			isa = XCConfigurationList;
			buildConfigurations = (
				EC35013820D56D6100A172B4 /* Debug */,
				EC35013920D56D6100A172B4 /* AdHoc */,
				EC39DDAF216BADB100E3908D /* Release */,
			);
			defaultConfigurationIsVisible = 0;
			defaultConfigurationName = AdHoc;
		};
		EC35015220D56F5D00A172B4 /* Build configuration list for PBXNativeTarget "--Project Name--" */ = {
			isa = XCConfigurationList;
			buildConfigurations = (
				EC35015020D56F5D00A172B4 /* Debug */,
				EC35015120D56F5D00A172B4 /* AdHoc */,
				EC39DDB0216BADB100E3908D /* Release */,
			);
			defaultConfigurationIsVisible = 0;
			defaultConfigurationName = AdHoc;
		};
		EC35017620D572A500A172B4 /* Build configuration list for PBXNativeTarget "--Project Name--Tests" */ = {
			isa = XCConfigurationList;
			buildConfigurations = (
				EC35017720D572A500A172B4 /* Debug */,
				EC35017820D572A500A172B4 /* AdHoc */,
				EC39DDB1216BADB100E3908D /* Release */,
			);
			defaultConfigurationIsVisible = 0;
			defaultConfigurationName = AdHoc;
		};
		EC35018420D5740700A172B4 /* Build configuration list for PBXNativeTarget "--Project Name--UITests" */ = {
			isa = XCConfigurationList;
			buildConfigurations = (
				EC35018520D5740700A172B4 /* Debug */,
				EC35018620D5740700A172B4 /* AdHoc */,
				EC39DDB2216BADB100E3908D /* Release */,
			);
			defaultConfigurationIsVisible = 0;
			defaultConfigurationName = AdHoc;
		};
/* End XCConfigurationList section */
	};
	rootObject = EC35012020D56D6000A172B4 /* Project object */;
}
